
Microsoft Visual Studio Solution File, Format Version 12.00
# Visual Studio Version 17
VisualStudioVersion = 17.9.34728.123
MinimumVisualStudioVersion = 10.0.40219.1
Project("{FAE04EC0-301F-11D3-BF4B-00C04F79EFBC}") = "UserService", "UserService\UserService.csproj", "{B6A4A455-D247-4AEF-83BA-E92691582CB2}"
EndProject
Global
	GlobalSection(SolutionConfigurationPlatforms) = preSolution
		Debug|Any CPU = Debug|Any CPU
		Release|Any CPU = Release|Any CPU
	EndGlobalSection
	GlobalSection(ProjectConfigurationPlatforms) = postSolution
		{B6A4A455-D247-4AEF-83BA-E92691582CB2}.Debug|Any CPU.ActiveCfg = Debug|Any CPU
		{B6A4A455-D247-4AEF-83BA-E92691582CB2}.Debug|Any CPU.Build.0 = Debug|Any CPU
		{B6A4A455-D247-4AEF-83BA-E92691582CB2}.Release|Any CPU.ActiveCfg = Release|Any CPU
		{B6A4A455-D247-4AEF-83BA-E92691582CB2}.Release|Any CPU.Build.0 = Release|Any CPU
	EndGlobalSection
	GlobalSection(SolutionProperties) = preSolution
		HideSolutionNode = FALSE
	EndGlobalSection
	GlobalSection(ExtensibilityGlobals) = postSolution
		SolutionGuid = {8D82C7C0-C374-4C84-A619-FD76C6C745EB}
	EndGlobalSection
EndGlobal
